
Microsoft Visual Studio Solution File, Format Version 12.00
# Visual Studio 15
VisualStudioVersion = 15.0.28307.572
MinimumVisualStudioVersion = 10.0.40219.1
Project("{FAE04EC0-301F-11D3-BF4B-00C04F79EFBC}") = "DemoXUnit", "DemoXUnit\DemoXUnit.csproj", "{AC01462E-2E84-4835-8997-8F481C9FC628}"
EndProject
Global
	GlobalSection(SolutionConfigurationPlatforms) = preSolution
		Debug|Any CPU = Debug|Any CPU
		Release|Any CPU = Release|Any CPU
	EndGlobalSection
	GlobalSection(ProjectConfigurationPlatforms) = postSolution
		{AC01462E-2E84-4835-8997-8F481C9FC628}.Debug|Any CPU.ActiveCfg = Debug|Any CPU
		{AC01462E-2E84-4835-8997-8F481C9FC628}.Debug|Any CPU.Build.0 = Debug|Any CPU
		{AC01462E-2E84-4835-8997-8F481C9FC628}.Release|Any CPU.ActiveCfg = Release|Any CPU
		{AC01462E-2E84-4835-8997-8F481C9FC628}.Release|Any CPU.Build.0 = Release|Any CPU
	EndGlobalSection
	GlobalSection(SolutionProperties) = preSolution
		HideSolutionNode = FALSE
	EndGlobalSection
	GlobalSection(ExtensibilityGlobals) = postSolution
		SolutionGuid = {6FC24AA7-224A-4245-A421-46A57330B87F}
	EndGlobalSection
EndGlobal
